// !$*UTF8*$!
{
	archiveVersion = 1;
	classes = {
	};
	objectVersion = 77;
	objects = {

/* Begin PBXBuildFile section */
		6894C13C2D6084EC00B0F286 /* RealityKitContent in Frameworks */ = {isa = PBXBuildFile; productRef = 6894C13B2D6084EC00B0F286 /* RealityKitContent */; };
/* End PBXBuildFile section */

/* Begin PBXContainerItemProxy section */
		6894C1522D6084EE00B0F286 /* PBXContainerItemProxy */ = {
			isa = PBXContainerItemProxy;
			containerPortal = 6894C12E2D6084EC00B0F286 /* Project object */;
			proxyType = 1;
			remoteGlobalIDString = 6894C1352D6084EC00B0F286;
			remoteInfo = "Treehacks 2025 Project";
		};
/* End PBXContainerItemProxy section */

/* Begin PBXFileReference section */
		6894C1362D6084EC00B0F286 /* Treehacks 2025 Project.app */ = {isa = PBXFileReference; explicitFileType = wrapper.application; includeInIndex = 0; path = "Treehacks 2025 Project.app"; sourceTree = BUILT_PRODUCTS_DIR; };
		6894C13A2D6084EC00B0F286 /* RealityKitContent */ = {isa = PBXFileReference; lastKnownFileType = wrapper; path = RealityKitContent; sourceTree = "<group>"; };
		6894C1512D6084EE00B0F286 /* Treehacks 2025 ProjectTests.xctest */ = {isa = PBXFileReference; explicitFileType = wrapper.cfbundle; includeInIndex = 0; path = "Treehacks 2025 ProjectTests.xctest"; sourceTree = BUILT_PRODUCTS_DIR; };
		6894C18A2D616E4D00B0F286 /* Food can.usdz */ = {isa = PBXFileReference; lastKnownFileType = file; path = "Food can.usdz"; sourceTree = "<group>"; };
/* End PBXFileReference section */

/* Begin PBXFileSystemSynchronizedBuildFileExceptionSet section */
		6894C1572D6084EE00B0F286 /* Exceptions for "Treehacks 2025 Project" folder in "Treehacks 2025 Project" target */ = {
			isa = PBXFileSystemSynchronizedBuildFileExceptionSet;
			membershipExceptions = (
				Info.plist,
			);
			target = 6894C1352D6084EC00B0F286 /* Treehacks 2025 Project */;
		};
/* End PBXFileSystemSynchronizedBuildFileExceptionSet section */

/* Begin PBXFileSystemSynchronizedRootGroup section */
		6894C1382D6084EC00B0F286 /* Treehacks 2025 Project */ = {
			isa = PBXFileSystemSynchronizedRootGroup;
			exceptions = (
				6894C1572D6084EE00B0F286 /* Exceptions for "Treehacks 2025 Project" folder in "Treehacks 2025 Project" target */,
			);
			path = "Treehacks 2025 Project";
			sourceTree = "<group>";
		};
		6894C1542D6084EE00B0F286 /* Treehacks 2025 ProjectTests */ = {
			isa = PBXFileSystemSynchronizedRootGroup;
			path = "Treehacks 2025 ProjectTests";
			sourceTree = "<group>";
		};
/* End PBXFileSystemSynchronizedRootGroup section */

/* Begin PBXFrameworksBuildPhase section */
		6894C1332D6084EC00B0F286 /* Frameworks */ = {
			isa = PBXFrameworksBuildPhase;
			buildActionMask = 2147483647;
			files = (
				6894C13C2D6084EC00B0F286 /* RealityKitContent in Frameworks */,
			);
			runOnlyForDeploymentPostprocessing = 0;
		};
		6894C14E2D6084EE00B0F286 /* Frameworks */ = {
			isa = PBXFrameworksBuildPhase;
			buildActionMask = 2147483647;
			files = (
			);
			runOnlyForDeploymentPostprocessing = 0;
		};
/* End PBXFrameworksBuildPhase section */

/* Begin PBXGroup section */
		6894C12D2D6084EC00B0F286 = {
			isa = PBXGroup;
			children = (
				6894C1382D6084EC00B0F286 /* Treehacks 2025 Project */,
				6894C1392D6084EC00B0F286 /* Packages */,
				6894C1542D6084EE00B0F286 /* Treehacks 2025 ProjectTests */,
				6894C1372D6084EC00B0F286 /* Products */,
			);
			sourceTree = "<group>";
		};
		6894C1372D6084EC00B0F286 /* Products */ = {
			isa = PBXGroup;
			children = (
				6894C1362D6084EC00B0F286 /* Treehacks 2025 Project.app */,
				6894C1512D6084EE00B0F286 /* Treehacks 2025 ProjectTests.xctest */,
			);
			name = Products;
			sourceTree = "<group>";
		};
		6894C1392D6084EC00B0F286 /* Packages */ = {
			isa = PBXGroup;
			children = (
				6894C13A2D6084EC00B0F286 /* RealityKitContent */,
				6894C18A2D616E4D00B0F286 /* Food can.usdz */,
			);
			path = Packages;
			sourceTree = "<group>";
		};
/* End PBXGroup section */

/* Begin PBXNativeTarget section */
		6894C1352D6084EC00B0F286 /* Treehacks 2025 Project */ = {
			isa = PBXNativeTarget;
			buildConfigurationList = 6894C1582D6084EE00B0F286 /* Build configuration list for PBXNativeTarget "Treehacks 2025 Project" */;
			buildPhases = (
				6894C1322D6084EC00B0F286 /* Sources */,
				6894C1332D6084EC00B0F286 /* Frameworks */,
				6894C1342D6084EC00B0F286 /* Resources */,
			);
			buildRules = (
			);
			dependencies = (
			);
			fileSystemSynchronizedGroups = (
				6894C1382D6084EC00B0F286 /* Treehacks 2025 Project */,
			);
			name = "Treehacks 2025 Project";
			packageProductDependencies = (
				6894C13B2D6084EC00B0F286 /* RealityKitContent */,
			);
			productName = "Treehacks 2025 Project";
			productReference = 6894C1362D6084EC00B0F286 /* Treehacks 2025 Project.app */;
			productType = "com.apple.product-type.application";
		};
		6894C1502D6084EE00B0F286 /* Treehacks 2025 ProjectTests */ = {
			isa = PBXNativeTarget;
			buildConfigurationList = 6894C15D2D6084EE00B0F286 /* Build configuration list for PBXNativeTarget "Treehacks 2025 ProjectTests" */;
			buildPhases = (
				6894C14D2D6084EE00B0F286 /* Sources */,
				6894C14E2D6084EE00B0F286 /* Frameworks */,
				6894C14F2D6084EE00B0F286 /* Resources */,
			);
			buildRules = (
			);
			dependencies = (
				6894C1532D6084EE00B0F286 /* PBXTargetDependency */,
			);
			fileSystemSynchronizedGroups = (
				6894C1542D6084EE00B0F286 /* Treehacks 2025 ProjectTests */,
			);
			name = "Treehacks 2025 ProjectTests";
			packageProductDependencies = (
			);
			productName = "Treehacks 2025 ProjectTests";
			productReference = 6894C1512D6084EE00B0F286 /* Treehacks 2025 ProjectTests.xctest */;
			productType = "com.apple.product-type.bundle.unit-test";
		};
/* End PBXNativeTarget section */

/* Begin PBXProject section */
		6894C12E2D6084EC00B0F286 /* Project object */ = {
			isa = PBXProject;
			attributes = {
				BuildIndependentTargetsInParallel = 1;
				LastSwiftUpdateCheck = 1620;
				LastUpgradeCheck = 1620;
				TargetAttributes = {
					6894C1352D6084EC00B0F286 = {
						CreatedOnToolsVersion = 16.2;
					};
					6894C1502D6084EE00B0F286 = {
						CreatedOnToolsVersion = 16.2;
						TestTargetID = 6894C1352D6084EC00B0F286;
					};
				};
			};
			buildConfigurationList = 6894C1312D6084EC00B0F286 /* Build configuration list for PBXProject "Treehacks 2025 Project" */;
			developmentRegion = en;
			hasScannedForEncodings = 0;
			knownRegions = (
				en,
				Base,
			);
			mainGroup = 6894C12D2D6084EC00B0F286;
			minimizedProjectReferenceProxies = 1;
			preferredProjectObjectVersion = 77;
			productRefGroup = 6894C1372D6084EC00B0F286 /* Products */;
			projectDirPath = "";
			projectRoot = "";
			targets = (
				6894C1352D6084EC00B0F286 /* Treehacks 2025 Project */,
				6894C1502D6084EE00B0F286 /* Treehacks 2025 ProjectTests */,
			);
		};
/* End PBXProject section */

/* Begin PBXResourcesBuildPhase section */
		6894C1342D6084EC00B0F286 /* Resources */ = {
			isa = PBXResourcesBuildPhase;
			buildActionMask = 2147483647;
			files = (
			);
			runOnlyForDeploymentPostprocessing = 0;
		};
		6894C14F2D6084EE00B0F286 /* Resources */ = {
			isa = PBXResourcesBuildPhase;
			buildActionMask = 2147483647;
			files = (
			);
			runOnlyForDeploymentPostprocessing = 0;
		};
/* End PBXResourcesBuildPhase section */

/* Begin PBXSourcesBuildPhase section */
		6894C1322D6084EC00B0F286 /* Sources */ = {
			isa = PBXSourcesBuildPhase;
			buildActionMask = 2147483647;
			files = (
			);
			runOnlyForDeploymentPostprocessing = 0;
		};
		6894C14D2D6084EE00B0F286 /* Sources */ = {
			isa = PBXSourcesBuildPhase;
			buildActionMask = 2147483647;
			files = (
			);
			runOnlyForDeploymentPostprocessing = 0;
		};
/* End PBXSourcesBuildPhase section */

/* Begin PBXTargetDependency section */
		6894C1532D6084EE00B0F286 /* PBXTargetDependency */ = {
			isa = PBXTargetDependency;
			target = 6894C1352D6084EC00B0F286 /* Treehacks 2025 Project */;
			targetProxy = 6894C1522D6084EE00B0F286 /* PBXContainerItemProxy */;
		};
/* End PBXTargetDependency section */

/* Begin XCBuildConfiguration section */
		6894C1592D6084EE00B0F286 /* Debug */ = {
			isa = XCBuildConfiguration;
			buildSettings = {
				ASSETCATALOG_COMPILER_APPICON_NAME = AppIcon;
				ASSETCATALOG_COMPILER_GLOBAL_ACCENT_COLOR_NAME = AccentColor;
				CODE_SIGN_STYLE = Automatic;
				CURRENT_PROJECT_VERSION = 1;
				DEVELOPMENT_ASSET_PATHS = "\"Treehacks 2025 Project/Preview Content\"";
				DEVELOPMENT_TEAM = V87R7G2Q55;
				ENABLE_PREVIEWS = YES;
				GENERATE_INFOPLIST_FILE = YES;
				INFOPLIST_FILE = "$(TARGET_NAME)/Info.plist";
				LD_RUNPATH_SEARCH_PATHS = (
					"$(inherited)",
					"@executable_path/Frameworks",
				);
				MARKETING_VERSION = 1.0;
				PRODUCT_BUNDLE_IDENTIFIER = "feolukolawole.Treehacks-2025-Project";
				PRODUCT_NAME = "$(TARGET_NAME)";
				SUPPORTED_PLATFORMS = "xros xrsimulator";
				SWIFT_EMIT_LOC_STRINGS = YES;
				SWIFT_VERSION = 5.0;
				TARGETED_DEVICE_FAMILY = 7;
			};
			name = Debug;
		};
		6894C15A2D6084EE00B0F286 /* Release */ = {
			isa = XCBuildConfiguration;
			buildSettings = {
				ASSETCATALOG_COMPILER_APPICON_NAME = AppIcon;
				ASSETCATALOG_COMPILER_GLOBAL_ACCENT_COLOR_NAME = AccentColor;
				CODE_SIGN_STYLE = Automatic;
				CURRENT_PROJECT_VERSION = 1;
				DEVELOPMENT_ASSET_PATHS = "\"Treehacks 2025 Project/Preview Content\"";
				DEVELOPMENT_TEAM = V87R7G2Q55;
				ENABLE_PREVIEWS = YES;
				GENERATE_INFOPLIST_FILE = YES;
				INFOPLIST_FILE = "$(TARGET_NAME)/Info.plist";
				LD_RUNPATH_SEARCH_PATHS = (
					"$(inherited)",
					"@executable_path/Frameworks",
				);
				MARKETING_VERSION = 1.0;
				PRODUCT_BUNDLE_IDENTIFIER = "feolukolawole.Treehacks-2025-Project";
				PRODUCT_NAME = "$(TARGET_NAME)";
				SUPPORTED_PLATFORMS = "xros xrsimulator";
				SWIFT_EMIT_LOC_STRINGS = YES;
				SWIFT_VERSION = 5.0;
				TARGETED_DEVICE_FAMILY = 7;
			};
			name = Release;
		};
		6894C15B2D6084EE00B0F286 /* Debug */ = {
			isa = XCBuildConfiguration;
			buildSettings = {
				ALWAYS_SEARCH_USER_PATHS = NO;
				ASSETCATALOG_COMPILER_GENERATE_SWIFT_ASSET_SYMBOL_EXTENSIONS = YES;
				CLANG_ANALYZER_NONNULL = YES;
				CLANG_ANALYZER_NUMBER_OBJECT_CONVERSION = YES_AGGRESSIVE;
				CLANG_CXX_LANGUAGE_STANDARD = "gnu++20";
				CLANG_ENABLE_MODULES = YES;
				CLANG_ENABLE_OBJC_ARC = YES;
				CLANG_ENABLE_OBJC_WEAK = YES;
				CLANG_WARN_BLOCK_CAPTURE_AUTORELEASING = YES;
				CLANG_WARN_BOOL_CONVERSION = YES;
				CLANG_WARN_COMMA = YES;
				CLANG_WARN_CONSTANT_CONVERSION = YES;
				CLANG_WARN_DEPRECATED_OBJC_IMPLEMENTATIONS = YES;
				CLANG_WARN_DIRECT_OBJC_ISA_USAGE = YES_ERROR;
				CLANG_WARN_DOCUMENTATION_COMMENTS = YES;
				CLANG_WARN_EMPTY_BODY = YES;
				CLANG_WARN_ENUM_CONVERSION = YES;
				CLANG_WARN_INFINITE_RECURSION = YES;
				CLANG_WARN_INT_CONVERSION = YES;
				CLANG_WARN_NON_LITERAL_NULL_CONVERSION = YES;
				CLANG_WARN_OBJC_IMPLICIT_RETAIN_SELF = YES;
				CLANG_WARN_OBJC_LITERAL_CONVERSION = YES;
				CLANG_WARN_OBJC_ROOT_CLASS = YES_ERROR;
				CLANG_WARN_QUOTED_INCLUDE_IN_FRAMEWORK_HEADER = YES;
				CLANG_WARN_RANGE_LOOP_ANALYSIS = YES;
				CLANG_WARN_STRICT_PROTOTYPES = YES;
				CLANG_WARN_SUSPICIOUS_MOVE = YES;
				CLANG_WARN_UNGUARDED_AVAILABILITY = YES_AGGRESSIVE;
				CLANG_WARN_UNREACHABLE_CODE = YES;
				CLANG_WARN__DUPLICATE_METHOD_MATCH = YES;
				COPY_PHASE_STRIP = NO;
				DEBUG_INFORMATION_FORMAT = dwarf;
				ENABLE_STRICT_OBJC_MSGSEND = YES;
				ENABLE_TESTABILITY = YES;
				ENABLE_USER_SCRIPT_SANDBOXING = YES;
				GCC_C_LANGUAGE_STANDARD = gnu17;
				GCC_DYNAMIC_NO_PIC = NO;
				GCC_NO_COMMON_BLOCKS = YES;
				GCC_OPTIMIZATION_LEVEL = 0;
				GCC_PREPROCESSOR_DEFINITIONS = (
					"DEBUG=1",
					"$(inherited)",
				);
				GCC_WARN_64_TO_32_BIT_CONVERSION = YES;
				GCC_WARN_ABOUT_RETURN_TYPE = YES_ERROR;
				GCC_WARN_UNDECLARED_SELECTOR = YES;
				GCC_WARN_UNINITIALIZED_AUTOS = YES_AGGRESSIVE;
				GCC_WARN_UNUSED_FUNCTION = YES;
				GCC_WARN_UNUSED_VARIABLE = YES;
				LOCALIZATION_PREFERS_STRING_CATALOGS = YES;
				MTL_ENABLE_DEBUG_INFO = INCLUDE_SOURCE;
				MTL_FAST_MATH = YES;
				ONLY_ACTIVE_ARCH = YES;
				SDKROOT = xros;
				SWIFT_ACTIVE_COMPILATION_CONDITIONS = "DEBUG $(inherited)";
				SWIFT_OPTIMIZATION_LEVEL = "-Onone";
				XROS_DEPLOYMENT_TARGET = 2.2;
			};
			name = Debug;
		};
		6894C15C2D6084EE00B0F286 /* Release */ = {
			isa = XCBuildConfiguration;
			buildSettings = {
				ALWAYS_SEARCH_USER_PATHS = NO;
				ASSETCATALOG_COMPILER_GENERATE_SWIFT_ASSET_SYMBOL_EXTENSIONS = YES;
				CLANG_ANALYZER_NONNULL = YES;
				CLANG_ANALYZER_NUMBER_OBJECT_CONVERSION = YES_AGGRESSIVE;
				CLANG_CXX_LANGUAGE_STANDARD = "gnu++20";
				CLANG_ENABLE_MODULES = YES;
				CLANG_ENABLE_OBJC_ARC = YES;
				CLANG_ENABLE_OBJC_WEAK = YES;
				CLANG_WARN_BLOCK_CAPTURE_AUTORELEASING = YES;
				CLANG_WARN_BOOL_CONVERSION = YES;
				CLANG_WARN_COMMA = YES;
				CLANG_WARN_CONSTANT_CONVERSION = YES;
				CLANG_WARN_DEPRECATED_OBJC_IMPLEMENTATIONS = YES;
				CLANG_WARN_DIRECT_OBJC_ISA_USAGE = YES_ERROR;
				CLANG_WARN_DOCUMENTATION_COMMENTS = YES;
				CLANG_WARN_EMPTY_BODY = YES;
				CLANG_WARN_ENUM_CONVERSION = YES;
				CLANG_WARN_INFINITE_RECURSION = YES;
				CLANG_WARN_INT_CONVERSION = YES;
				CLANG_WARN_NON_LITERAL_NULL_CONVERSION = YES;
				CLANG_WARN_OBJC_IMPLICIT_RETAIN_SELF = YES;
				CLANG_WARN_OBJC_LITERAL_CONVERSION = YES;
				CLANG_WARN_OBJC_ROOT_CLASS = YES_ERROR;
				CLANG_WARN_QUOTED_INCLUDE_IN_FRAMEWORK_HEADER = YES;
				CLANG_WARN_RANGE_LOOP_ANALYSIS = YES;
				CLANG_WARN_STRICT_PROTOTYPES = YES;
				CLANG_WARN_SUSPICIOUS_MOVE = YES;
				CLANG_WARN_UNGUARDED_AVAILABILITY = YES_AGGRESSIVE;
				CLANG_WARN_UNREACHABLE_CODE = YES;
				CLANG_WARN__DUPLICATE_METHOD_MATCH = YES;
				COPY_PHASE_STRIP = NO;
				DEBUG_INFORMATION_FORMAT = "dwarf-with-dsym";
				ENABLE_NS_ASSERTIONS = NO;
				ENABLE_STRICT_OBJC_MSGSEND = YES;
				ENABLE_USER_SCRIPT_SANDBOXING = YES;
				GCC_C_LANGUAGE_STANDARD = gnu17;
				GCC_NO_COMMON_BLOCKS = YES;
				GCC_WARN_64_TO_32_BIT_CONVERSION = YES;
				GCC_WARN_ABOUT_RETURN_TYPE = YES_ERROR;
				GCC_WARN_UNDECLARED_SELECTOR = YES;
				GCC_WARN_UNINITIALIZED_AUTOS = YES_AGGRESSIVE;
				GCC_WARN_UNUSED_FUNCTION = YES;
				GCC_WARN_UNUSED_VARIABLE = YES;
				LOCALIZATION_PREFERS_STRING_CATALOGS = YES;
				MTL_ENABLE_DEBUG_INFO = NO;
				MTL_FAST_MATH = YES;
				SDKROOT = xros;
				SWIFT_COMPILATION_MODE = wholemodule;
				VALIDATE_PRODUCT = YES;
				XROS_DEPLOYMENT_TARGET = 2.2;
			};
			name = Release;
		};
		6894C15E2D6084EE00B0F286 /* Debug */ = {
			isa = XCBuildConfiguration;
			buildSettings = {
				BUNDLE_LOADER = "$(TEST_HOST)";
				CODE_SIGN_STYLE = Automatic;
				CURRENT_PROJECT_VERSION = 1;
				DEVELOPMENT_TEAM = V87R7G2Q55;
				GENERATE_INFOPLIST_FILE = YES;
				MARKETING_VERSION = 1.0;
				PRODUCT_BUNDLE_IDENTIFIER = "feolukolawole.Treehacks-2025-ProjectTests";
				PRODUCT_NAME = "$(TARGET_NAME)";
				SUPPORTED_PLATFORMS = "xros xrsimulator";
				SWIFT_EMIT_LOC_STRINGS = NO;
				SWIFT_VERSION = 5.0;
				TARGETED_DEVICE_FAMILY = 7;
				TEST_HOST = "$(BUILT_PRODUCTS_DIR)/Treehacks 2025 Project.app/$(BUNDLE_EXECUTABLE_FOLDER_PATH)/Treehacks 2025 Project";
				XROS_DEPLOYMENT_TARGET = 2.2;
			};
			name = Debug;
		};
		6894C15F2D6084EE00B0F286 /* Release */ = {
			isa = XCBuildConfiguration;
			buildSettings = {
				BUNDLE_LOADER = "$(TEST_HOST)";
				CODE_SIGN_STYLE = Automatic;
				CURRENT_PROJECT_VERSION = 1;
				DEVELOPMENT_TEAM = V87R7G2Q55;
				GENERATE_INFOPLIST_FILE = YES;
				MARKETING_VERSION = 1.0;
				PRODUCT_BUNDLE_IDENTIFIER = "feolukolawole.Treehacks-2025-ProjectTests";
				PRODUCT_NAME = "$(TARGET_NAME)";
				SUPPORTED_PLATFORMS = "xros xrsimulator";
				SWIFT_EMIT_LOC_STRINGS = NO;
				SWIFT_VERSION = 5.0;
				TARGETED_DEVICE_FAMILY = 7;
				TEST_HOST = "$(BUILT_PRODUCTS_DIR)/Treehacks 2025 Project.app/$(BUNDLE_EXECUTABLE_FOLDER_PATH)/Treehacks 2025 Project";
				XROS_DEPLOYMENT_TARGET = 2.2;
			};
			name = Release;
		};
/* End XCBuildConfiguration section */

/* Begin XCConfigurationList section */
		6894C1312D6084EC00B0F286 /* Build configuration list for PBXProject "Treehacks 2025 Project" */ = {
			isa = XCConfigurationList;
			buildConfigurations = (
				6894C15B2D6084EE00B0F286 /* Debug */,
				6894C15C2D6084EE00B0F286 /* Release */,
			);
			defaultConfigurationIsVisible = 0;
			defaultConfigurationName = Release;
		};
		6894C1582D6084EE00B0F286 /* Build configuration list for PBXNativeTarget "Treehacks 2025 Project" */ = {
			isa = XCConfigurationList;
			buildConfigurations = (
				6894C1592D6084EE00B0F286 /* Debug */,
				6894C15A2D6084EE00B0F286 /* Release */,
			);
			defaultConfigurationIsVisible = 0;
			defaultConfigurationName = Release;
		};
		6894C15D2D6084EE00B0F286 /* Build configuration list for PBXNativeTarget "Treehacks 2025 ProjectTests" */ = {
			isa = XCConfigurationList;
			buildConfigurations = (
				6894C15E2D6084EE00B0F286 /* Debug */,
				6894C15F2D6084EE00B0F286 /* Release */,
			);
			defaultConfigurationIsVisible = 0;
			defaultConfigurationName = Release;
		};
/* End XCConfigurationList section */

/* Begin XCSwiftPackageProductDependency section */
		6894C13B2D6084EC00B0F286 /* RealityKitContent */ = {
			isa = XCSwiftPackageProductDependency;
			productName = RealityKitContent;
		};
/* End XCSwiftPackageProductDependency section */
	};
	rootObject = 6894C12E2D6084EC00B0F286 /* Project object */;
}
